
Microsoft Visual Studio Solution File, Format Version 12.00
# Visual Studio Version 17
VisualStudioVersion = 17.4.33205.214
MinimumVisualStudioVersion = 10.0.40219.1
Project("{2150E333-8FDC-42A3-9474-1A3956D46DE8}") = "Services", "Services", "{59752A5E-5153-4647-BB6F-228A0CB80405}"
EndProject
Project("{FAE04EC0-301F-11D3-BF4B-00C04F79EFBC}") = "ContactUs.API", "ContactUs.API\ContactUs.API.csproj", "{72226FBB-E078-4E7A-B320-38461ABFB110}"
EndProject
Project("{FAE04EC0-301F-11D3-BF4B-00C04F79EFBC}") = "PricingPlans.API", "PricingPlans.API\PricingPlans.API.csproj", "{3AB4EF3C-CA1E-44FA-8BE9-F95381DF9408}"
EndProject
Global
	GlobalSection(SolutionConfigurationPlatforms) = preSolution
		Debug|Any CPU = Debug|Any CPU
		Release|Any CPU = Release|Any CPU
	EndGlobalSection
	GlobalSection(ProjectConfigurationPlatforms) = postSolution
		{72226FBB-E078-4E7A-B320-38461ABFB110}.Debug|Any CPU.ActiveCfg = Debug|Any CPU
		{72226FBB-E078-4E7A-B320-38461ABFB110}.Debug|Any CPU.Build.0 = Debug|Any CPU
		{72226FBB-E078-4E7A-B320-38461ABFB110}.Release|Any CPU.ActiveCfg = Release|Any CPU
		{72226FBB-E078-4E7A-B320-38461ABFB110}.Release|Any CPU.Build.0 = Release|Any CPU
		{3AB4EF3C-CA1E-44FA-8BE9-F95381DF9408}.Debug|Any CPU.ActiveCfg = Debug|Any CPU
		{3AB4EF3C-CA1E-44FA-8BE9-F95381DF9408}.Debug|Any CPU.Build.0 = Debug|Any CPU
		{3AB4EF3C-CA1E-44FA-8BE9-F95381DF9408}.Release|Any CPU.ActiveCfg = Release|Any CPU
		{3AB4EF3C-CA1E-44FA-8BE9-F95381DF9408}.Release|Any CPU.Build.0 = Release|Any CPU
	EndGlobalSection
	GlobalSection(SolutionProperties) = preSolution
		HideSolutionNode = FALSE
	EndGlobalSection
	GlobalSection(NestedProjects) = preSolution
		{72226FBB-E078-4E7A-B320-38461ABFB110} = {59752A5E-5153-4647-BB6F-228A0CB80405}
		{3AB4EF3C-CA1E-44FA-8BE9-F95381DF9408} = {59752A5E-5153-4647-BB6F-228A0CB80405}
	EndGlobalSection
	GlobalSection(ExtensibilityGlobals) = postSolution
		SolutionGuid = {F08B7539-4366-44E8-BAC9-28CF76DFCC2E}
	EndGlobalSection
EndGlobal
